
Microsoft Visual Studio Solution File, Format Version 12.00
Project("{FAE04EC0-301F-11D3-BF4B-00C04F79EFBC}") = "Web", "Web\Web.csproj", "{63353124-7B30-4CBA-8CED-FC7CF0D77C2D}"
EndProject
Project("{FAE04EC0-301F-11D3-BF4B-00C04F79EFBC}") = "Core", "Core\Core.csproj", "{6666D8B0-B2F0-42D9-B37E-21D56427C252}"
EndProject
Project("{FAE04EC0-301F-11D3-BF4B-00C04F79EFBC}") = "Infrastrucutre", "Infrastrucutre\Infrastrucutre.csproj", "{6912D7A1-E3CB-4C12-9FC9-139856EF0ECC}"
EndProject
Project("{FAE04EC0-301F-11D3-BF4B-00C04F79EFBC}") = "Application", "Application\Application.csproj", "{F73C10D3-E3C0-4764-AE4F-3475C4964BE2}"
EndProject
Global
	GlobalSection(SolutionConfigurationPlatforms) = preSolution
		Debug|Any CPU = Debug|Any CPU
		Release|Any CPU = Release|Any CPU
	EndGlobalSection
	GlobalSection(ProjectConfigurationPlatforms) = postSolution
		{63353124-7B30-4CBA-8CED-FC7CF0D77C2D}.Debug|Any CPU.ActiveCfg = Debug|Any CPU
		{63353124-7B30-4CBA-8CED-FC7CF0D77C2D}.Debug|Any CPU.Build.0 = Debug|Any CPU
		{63353124-7B30-4CBA-8CED-FC7CF0D77C2D}.Release|Any CPU.ActiveCfg = Release|Any CPU
		{63353124-7B30-4CBA-8CED-FC7CF0D77C2D}.Release|Any CPU.Build.0 = Release|Any CPU
		{6666D8B0-B2F0-42D9-B37E-21D56427C252}.Debug|Any CPU.ActiveCfg = Debug|Any CPU
		{6666D8B0-B2F0-42D9-B37E-21D56427C252}.Debug|Any CPU.Build.0 = Debug|Any CPU
		{6666D8B0-B2F0-42D9-B37E-21D56427C252}.Release|Any CPU.ActiveCfg = Release|Any CPU
		{6666D8B0-B2F0-42D9-B37E-21D56427C252}.Release|Any CPU.Build.0 = Release|Any CPU
		{6912D7A1-E3CB-4C12-9FC9-139856EF0ECC}.Debug|Any CPU.ActiveCfg = Debug|Any CPU
		{6912D7A1-E3CB-4C12-9FC9-139856EF0ECC}.Debug|Any CPU.Build.0 = Debug|Any CPU
		{6912D7A1-E3CB-4C12-9FC9-139856EF0ECC}.Release|Any CPU.ActiveCfg = Release|Any CPU
		{6912D7A1-E3CB-4C12-9FC9-139856EF0ECC}.Release|Any CPU.Build.0 = Release|Any CPU
		{F73C10D3-E3C0-4764-AE4F-3475C4964BE2}.Debug|Any CPU.ActiveCfg = Debug|Any CPU
		{F73C10D3-E3C0-4764-AE4F-3475C4964BE2}.Debug|Any CPU.Build.0 = Debug|Any CPU
		{F73C10D3-E3C0-4764-AE4F-3475C4964BE2}.Release|Any CPU.ActiveCfg = Release|Any CPU
		{F73C10D3-E3C0-4764-AE4F-3475C4964BE2}.Release|Any CPU.Build.0 = Release|Any CPU
	EndGlobalSection
EndGlobal
